
Microsoft Visual Studio Solution File, Format Version 12.00
# Visual Studio Version 17
VisualStudioVersion = 17.10.34928.147
MinimumVisualStudioVersion = 10.0.40219.1
Project("{FAE04EC0-301F-11D3-BF4B-00C04F79EFBC}") = "SalesWebMvc", "SalesWebMvc\SalesWebMvc.csproj", "{5F2D8D03-A740-4B90-9111-016B0CEF227F}"
EndProject
Global
	GlobalSection(SolutionConfigurationPlatforms) = preSolution
		Debug|Any CPU = Debug|Any CPU
		Release|Any CPU = Release|Any CPU
	EndGlobalSection
	GlobalSection(ProjectConfigurationPlatforms) = postSolution
		{5F2D8D03-A740-4B90-9111-016B0CEF227F}.Debug|Any CPU.ActiveCfg = Debug|Any CPU
		{5F2D8D03-A740-4B90-9111-016B0CEF227F}.Debug|Any CPU.Build.0 = Debug|Any CPU
		{5F2D8D03-A740-4B90-9111-016B0CEF227F}.Release|Any CPU.ActiveCfg = Release|Any CPU
		{5F2D8D03-A740-4B90-9111-016B0CEF227F}.Release|Any CPU.Build.0 = Release|Any CPU
	EndGlobalSection
	GlobalSection(SolutionProperties) = preSolution
		HideSolutionNode = FALSE
	EndGlobalSection
	GlobalSection(ExtensibilityGlobals) = postSolution
		SolutionGuid = {BCAB8617-CDD1-4A52-ACE1-0D95F52ADFD0}
	EndGlobalSection
EndGlobal
